
Microsoft Visual Studio Solution File, Format Version 12.00
# Visual Studio 15
Project("{FAE04EC0-301F-11D3-BF4B-00C04F79EFBC}") = "Assembly-CSharp", "Assembly-CSharp.csproj", "{EF1056A0-D4AA-C942-4619-5F9CFD8B5F02}"
EndProject
Project("{FAE04EC0-301F-11D3-BF4B-00C04F79EFBC}") = "CFXRDemo", "CFXRDemo.csproj", "{648BFD8F-3BC8-B0D8-A0AD-EC9576661745}"
EndProject
Project("{FAE04EC0-301F-11D3-BF4B-00C04F79EFBC}") = "CFXRRuntime", "CFXRRuntime.csproj", "{DE390691-13F6-4734-96F0-0DCF85CCA842}"
EndProject
Project("{FAE04EC0-301F-11D3-BF4B-00C04F79EFBC}") = "KinoBloom.Runtime", "KinoBloom.Runtime.csproj", "{2CBB0CEE-BADE-933F-133E-3A322B102B35}"
EndProject
Project("{FAE04EC0-301F-11D3-BF4B-00C04F79EFBC}") = "CFXREditor", "CFXREditor.csproj", "{F90F3EFB-E8C1-D46A-6C3F-A0D81DD23F0E}"
EndProject
Project("{FAE04EC0-301F-11D3-BF4B-00C04F79EFBC}") = "CFXR.WelcomeScreen", "CFXR.WelcomeScreen.csproj", "{04827D30-EFB7-806B-AA17-5E0AB71E0AB9}"
EndProject
Project("{FAE04EC0-301F-11D3-BF4B-00C04F79EFBC}") = "ToonyColorsPro.Demo.Editor", "ToonyColorsPro.Demo.Editor.csproj", "{70001F05-104F-31C1-FBEB-F24917F07224}"
EndProject
Project("{FAE04EC0-301F-11D3-BF4B-00C04F79EFBC}") = "Assembly-CSharp-Editor", "Assembly-CSharp-Editor.csproj", "{93ACE67E-ADA0-00D1-3D1F-96686858EC85}"
EndProject
Project("{FAE04EC0-301F-11D3-BF4B-00C04F79EFBC}") = "Andtech.StarPack.Editor", "Andtech.StarPack.Editor.csproj", "{E6456AFD-A326-C4B3-1BCA-170DD412B87D}"
EndProject
Global
	GlobalSection(SolutionConfigurationPlatforms) = preSolution
		Debug|Any CPU = Debug|Any CPU
		Release|Any CPU = Release|Any CPU
	EndGlobalSection
	GlobalSection(ProjectConfigurationPlatforms) = postSolution
		{EF1056A0-D4AA-C942-4619-5F9CFD8B5F02}.Debug|Any CPU.ActiveCfg = Debug|Any CPU
		{EF1056A0-D4AA-C942-4619-5F9CFD8B5F02}.Debug|Any CPU.Build.0 = Debug|Any CPU
		{EF1056A0-D4AA-C942-4619-5F9CFD8B5F02}.Release|Any CPU.ActiveCfg = Release|Any CPU
		{EF1056A0-D4AA-C942-4619-5F9CFD8B5F02}.Release|Any CPU.Build.0 = Release|Any CPU
		{648BFD8F-3BC8-B0D8-A0AD-EC9576661745}.Debug|Any CPU.ActiveCfg = Debug|Any CPU
		{648BFD8F-3BC8-B0D8-A0AD-EC9576661745}.Debug|Any CPU.Build.0 = Debug|Any CPU
		{648BFD8F-3BC8-B0D8-A0AD-EC9576661745}.Release|Any CPU.ActiveCfg = Release|Any CPU
		{648BFD8F-3BC8-B0D8-A0AD-EC9576661745}.Release|Any CPU.Build.0 = Release|Any CPU
		{DE390691-13F6-4734-96F0-0DCF85CCA842}.Debug|Any CPU.ActiveCfg = Debug|Any CPU
		{DE390691-13F6-4734-96F0-0DCF85CCA842}.Debug|Any CPU.Build.0 = Debug|Any CPU
		{DE390691-13F6-4734-96F0-0DCF85CCA842}.Release|Any CPU.ActiveCfg = Release|Any CPU
		{DE390691-13F6-4734-96F0-0DCF85CCA842}.Release|Any CPU.Build.0 = Release|Any CPU
		{2CBB0CEE-BADE-933F-133E-3A322B102B35}.Debug|Any CPU.ActiveCfg = Debug|Any CPU
		{2CBB0CEE-BADE-933F-133E-3A322B102B35}.Debug|Any CPU.Build.0 = Debug|Any CPU
		{2CBB0CEE-BADE-933F-133E-3A322B102B35}.Release|Any CPU.ActiveCfg = Release|Any CPU
		{2CBB0CEE-BADE-933F-133E-3A322B102B35}.Release|Any CPU.Build.0 = Release|Any CPU
		{F90F3EFB-E8C1-D46A-6C3F-A0D81DD23F0E}.Debug|Any CPU.ActiveCfg = Debug|Any CPU
		{F90F3EFB-E8C1-D46A-6C3F-A0D81DD23F0E}.Debug|Any CPU.Build.0 = Debug|Any CPU
		{F90F3EFB-E8C1-D46A-6C3F-A0D81DD23F0E}.Release|Any CPU.ActiveCfg = Release|Any CPU
		{F90F3EFB-E8C1-D46A-6C3F-A0D81DD23F0E}.Release|Any CPU.Build.0 = Release|Any CPU
		{04827D30-EFB7-806B-AA17-5E0AB71E0AB9}.Debug|Any CPU.ActiveCfg = Debug|Any CPU
		{04827D30-EFB7-806B-AA17-5E0AB71E0AB9}.Debug|Any CPU.Build.0 = Debug|Any CPU
		{04827D30-EFB7-806B-AA17-5E0AB71E0AB9}.Release|Any CPU.ActiveCfg = Release|Any CPU
		{04827D30-EFB7-806B-AA17-5E0AB71E0AB9}.Release|Any CPU.Build.0 = Release|Any CPU
		{70001F05-104F-31C1-FBEB-F24917F07224}.Debug|Any CPU.ActiveCfg = Debug|Any CPU
		{70001F05-104F-31C1-FBEB-F24917F07224}.Debug|Any CPU.Build.0 = Debug|Any CPU
		{70001F05-104F-31C1-FBEB-F24917F07224}.Release|Any CPU.ActiveCfg = Release|Any CPU
		{70001F05-104F-31C1-FBEB-F24917F07224}.Release|Any CPU.Build.0 = Release|Any CPU
		{93ACE67E-ADA0-00D1-3D1F-96686858EC85}.Debug|Any CPU.ActiveCfg = Debug|Any CPU
		{93ACE67E-ADA0-00D1-3D1F-96686858EC85}.Debug|Any CPU.Build.0 = Debug|Any CPU
		{93ACE67E-ADA0-00D1-3D1F-96686858EC85}.Release|Any CPU.ActiveCfg = Release|Any CPU
		{93ACE67E-ADA0-00D1-3D1F-96686858EC85}.Release|Any CPU.Build.0 = Release|Any CPU
		{E6456AFD-A326-C4B3-1BCA-170DD412B87D}.Debug|Any CPU.ActiveCfg = Debug|Any CPU
		{E6456AFD-A326-C4B3-1BCA-170DD412B87D}.Debug|Any CPU.Build.0 = Debug|Any CPU
		{E6456AFD-A326-C4B3-1BCA-170DD412B87D}.Release|Any CPU.ActiveCfg = Release|Any CPU
		{E6456AFD-A326-C4B3-1BCA-170DD412B87D}.Release|Any CPU.Build.0 = Release|Any CPU
	EndGlobalSection
	GlobalSection(SolutionProperties) = preSolution
		HideSolutionNode = FALSE
	EndGlobalSection
EndGlobal
